
Microsoft Visual Studio Solution File, Format Version 12.00
# Visual Studio Version 17
VisualStudioVersion = 17.8.34408.163
MinimumVisualStudioVersion = 10.0.40219.1
Project("{FAE04EC0-301F-11D3-BF4B-00C04F79EFBC}") = "ignatius-assignment-3", "ignatius-assignment-3\ignatius-assignment-3.csproj", "{4A2BFFE8-A119-480B-8372-2E1B2045DF6D}"
EndProject
Global
	GlobalSection(SolutionConfigurationPlatforms) = preSolution
		Debug|Any CPU = Debug|Any CPU
		Release|Any CPU = Release|Any CPU
	EndGlobalSection
	GlobalSection(ProjectConfigurationPlatforms) = postSolution
		{4A2BFFE8-A119-480B-8372-2E1B2045DF6D}.Debug|Any CPU.ActiveCfg = Debug|Any CPU
		{4A2BFFE8-A119-480B-8372-2E1B2045DF6D}.Debug|Any CPU.Build.0 = Debug|Any CPU
		{4A2BFFE8-A119-480B-8372-2E1B2045DF6D}.Release|Any CPU.ActiveCfg = Release|Any CPU
		{4A2BFFE8-A119-480B-8372-2E1B2045DF6D}.Release|Any CPU.Build.0 = Release|Any CPU
	EndGlobalSection
	GlobalSection(SolutionProperties) = preSolution
		HideSolutionNode = FALSE
	EndGlobalSection
	GlobalSection(ExtensibilityGlobals) = postSolution
		SolutionGuid = {AF8D9D1E-2934-4F27-A6CC-A0C947BA67E1}
	EndGlobalSection
EndGlobal
